Microsoft Visual Studio Solution File, Format Version 12.00
# Visual Studio Version 17
VisualStudioVersion = 17.5.2.0
MinimumVisualStudioVersion = 10.0.40219.1
Project("{2150E333-8FDC-42A3-9474-1A3956D46DE8}") = "1_Basics", "1_Basics", "{9BC7BA59-9FD5-AF19-9A44-AFE2B3128B25}"
EndProject
Project("{2150E333-8FDC-42A3-9474-1A3956D46DE8}") = "1-HelloWorld_Start", "1-HelloWorld_Start", "{DB2AF94E-F828-E9C4-8638-2FFEC1951CEA}"
EndProject
Project("{FAE04EC0-301F-11D3-BF4B-00C04F79EFBC}") = "HelloWorld", "1_Basics\1-HelloWorld_Start\HelloWorld.csproj", "{62823B1F-CEE1-7CBE-6F99-FF48482004F0}"
EndProject
Project("{2150E333-8FDC-42A3-9474-1A3956D46DE8}") = "2-HelloWorld_ConsoleWriteLine", "2-HelloWorld_ConsoleWriteLine", "{1B8C416A-2CA4-CC4F-E11F-8B9360A138E0}"
EndProject
Project("{FAE04EC0-301F-11D3-BF4B-00C04F79EFBC}") = "HelloWorld", "1_Basics\2-HelloWorld_ConsoleWriteLine\HelloWorld.csproj", "{9D6BC79B-C606-7D84-DF37-93B92E1BDFAF}"
EndProject
Project("{2150E333-8FDC-42A3-9474-1A3956D46DE8}") = "2b-Assignment_ConsoleWriteLine", "2b-Assignment_ConsoleWriteLine", "{85AFEF88-42B9-4FB3-C419-1ED770A36B8E}"
EndProject
Project("{FAE04EC0-301F-11D3-BF4B-00C04F79EFBC}") = "HelloWorld", "1_Basics\2b-Assignment_ConsoleWriteLine\HelloWorld.csproj", "{EFE13146-3775-1463-F3B3-23ED0AB4AC9F}"
EndProject
Project("{2150E333-8FDC-42A3-9474-1A3956D46DE8}") = "3-HelloWorld_Variables", "3-HelloWorld_Variables", "{52BE58B7-89F7-ED2A-FEB2-4634575A305F}"
EndProject
Project("{FAE04EC0-301F-11D3-BF4B-00C04F79EFBC}") = "HelloWorld", "1_Basics\3-HelloWorld_Variables\HelloWorld.csproj", "{B4D4FB25-2024-A527-5D44-E2C5A20EC6B4}"
EndProject
Project("{2150E333-8FDC-42A3-9474-1A3956D46DE8}") = "3b-Assignment_Variables", "3b-Assignment_Variables", "{51DEBB1F-0641-0D40-6EDC-5F05CA58043A}"
EndProject
Project("{FAE04EC0-301F-11D3-BF4B-00C04F79EFBC}") = "HelloWorld", "1_Basics\3b-Assignment_Variables\HelloWorld.csproj", "{625B76D2-A46E-0294-BB4C-7E37B5308130}"
EndProject
Project("{2150E333-8FDC-42A3-9474-1A3956D46DE8}") = "4-HelloWorld_DataStructures", "4-HelloWorld_DataStructures", "{5F4B6863-A7FC-F30A-6A9E-4214C6CE63FF}"
EndProject
Project("{FAE04EC0-301F-11D3-BF4B-00C04F79EFBC}") = "HelloWorld", "1_Basics\4-HelloWorld_DataStructures\HelloWorld.csproj", "{3905DE4C-3F0A-063A-E807-4AF03128EE0D}"
EndProject
Project("{2150E333-8FDC-42A3-9474-1A3956D46DE8}") = "4b-Assignment_DataStructures", "4b-Assignment_DataStructures", "{FDC171AC-30D2-2A57-006C-1B98EF8E4C41}"
EndProject
Project("{FAE04EC0-301F-11D3-BF4B-00C04F79EFBC}") = "HelloWorld", "1_Basics\4b-Assignment_DataStructures\HelloWorld.csproj", "{967AC3F6-FDA4-E0AF-CF3E-3EFFE2323D02}"
EndProject
Project("{2150E333-8FDC-42A3-9474-1A3956D46DE8}") = "5-HelloWorld_Operators", "5-HelloWorld_Operators", "{3E8FD2C2-38B4-A610-AD16-D36D7032FD27}"
EndProject
Project("{FAE04EC0-301F-11D3-BF4B-00C04F79EFBC}") = "HelloWorld", "1_Basics\5-HelloWorld_Operators\HelloWorld.csproj", "{A234DC34-AA57-6418-A0EC-7CBD1372352B}"
EndProject
Project("{2150E333-8FDC-42A3-9474-1A3956D46DE8}") = "5b-Assignment_Operators", "5b-Assignment_Operators", "{E791FC6C-34A2-D96D-CB23-0FC5B6240A55}"
EndProject
Project("{FAE04EC0-301F-11D3-BF4B-00C04F79EFBC}") = "HelloWorld", "1_Basics\5b-Assignment_Operators\HelloWorld.csproj", "{90ECEFD4-4D9C-BCD8-AAD0-2007A618C487}"
EndProject
Project("{2150E333-8FDC-42A3-9474-1A3956D46DE8}") = "6-HelloWorld_Conditionals", "6-HelloWorld_Conditionals", "{51F659C4-0860-C040-0344-2B5A80F2A90F}"
EndProject
Project("{FAE04EC0-301F-11D3-BF4B-00C04F79EFBC}") = "HelloWorld", "1_Basics\6-HelloWorld_Conditionals\HelloWorld.csproj", "{36A2CCA9-BB5D-BA63-D480-642C4E355397}"
EndProject
Project("{2150E333-8FDC-42A3-9474-1A3956D46DE8}") = "6b-Assignment_Conditionals", "6b-Assignment_Conditionals", "{B6438044-7865-3CB8-5C00-F2BB295D70DC}"
EndProject
Project("{FAE04EC0-301F-11D3-BF4B-00C04F79EFBC}") = "HelloWorld", "1_Basics\6b-Assignment_Conditionals\HelloWorld.csproj", "{37755C6E-3FCA-A0F1-871D-2E38E2A81511}"
EndProject
Project("{2150E333-8FDC-42A3-9474-1A3956D46DE8}") = "7-HelloWorld_Loops", "7-HelloWorld_Loops", "{B8A44DA6-5E85-A975-1467-BCCF4FF41A68}"
EndProject
Project("{FAE04EC0-301F-11D3-BF4B-00C04F79EFBC}") = "HelloWorld", "1_Basics\7-HelloWorld_Loops\HelloWorld.csproj", "{FEDF068B-1DFB-0AB1-F51C-C55B31A87468}"
EndProject
Project("{2150E333-8FDC-42A3-9474-1A3956D46DE8}") = "7b-Assignment_Loops", "7b-Assignment_Loops", "{A7CDF8D8-1446-C1BE-0B74-5F20C2EFE4D9}"
EndProject
Project("{FAE04EC0-301F-11D3-BF4B-00C04F79EFBC}") = "HelloWorld", "1_Basics\7b-Assignment_Loops\HelloWorld.csproj", "{D08902E0-B63E-ECE8-058E-D33B3FA24E39}"
EndProject
Project("{2150E333-8FDC-42A3-9474-1A3956D46DE8}") = "8-HelloWorld_Methods_Arguments_Return", "8-HelloWorld_Methods_Arguments_Return", "{C73F8908-ACCA-9E60-BFA1-3F05A2F9ED21}"
EndProject
Project("{FAE04EC0-301F-11D3-BF4B-00C04F79EFBC}") = "HelloWorld", "1_Basics\8-HelloWorld_Methods_Arguments_Return\HelloWorld.csproj", "{E5FBD16A-4C87-235E-4F7D-FB34B08468A4}"
EndProject
Project("{2150E333-8FDC-42A3-9474-1A3956D46DE8}") = "8b-Assignment_Methods", "8b-Assignment_Methods", "{921009EE-B38A-641B-7A64-8B45C6F5288C}"
EndProject
Project("{FAE04EC0-301F-11D3-BF4B-00C04F79EFBC}") = "HelloWorld", "1_Basics\8b-Assignment_Methods\HelloWorld.csproj", "{ED71796D-792F-175C-BEA1-B2E82D2D00F2}"
EndProject
Project("{2150E333-8FDC-42A3-9474-1A3956D46DE8}") = "9-HelloWorld_Scope", "9-HelloWorld_Scope", "{2F38FDC0-3ABA-7BDD-7B19-E04FC6B3A49F}"
EndProject
Project("{FAE04EC0-301F-11D3-BF4B-00C04F79EFBC}") = "HelloWorld", "1_Basics\9-HelloWorld_Scope\HelloWorld.csproj", "{A9738A1E-6AE0-1E22-92FB-4297C4518EAF}"
EndProject
Global
	GlobalSection(SolutionConfigurationPlatforms) = preSolution
		Debug|Any CPU = Debug|Any CPU
		Release|Any CPU = Release|Any CPU
	EndGlobalSection
	GlobalSection(ProjectConfigurationPlatforms) = postSolution
		{62823B1F-CEE1-7CBE-6F99-FF48482004F0}.Debug|Any CPU.ActiveCfg = Debug|Any CPU
		{62823B1F-CEE1-7CBE-6F99-FF48482004F0}.Debug|Any CPU.Build.0 = Debug|Any CPU
		{62823B1F-CEE1-7CBE-6F99-FF48482004F0}.Release|Any CPU.ActiveCfg = Release|Any CPU
		{62823B1F-CEE1-7CBE-6F99-FF48482004F0}.Release|Any CPU.Build.0 = Release|Any CPU
		{9D6BC79B-C606-7D84-DF37-93B92E1BDFAF}.Debug|Any CPU.ActiveCfg = Debug|Any CPU
		{9D6BC79B-C606-7D84-DF37-93B92E1BDFAF}.Debug|Any CPU.Build.0 = Debug|Any CPU
		{9D6BC79B-C606-7D84-DF37-93B92E1BDFAF}.Release|Any CPU.ActiveCfg = Release|Any CPU
		{9D6BC79B-C606-7D84-DF37-93B92E1BDFAF}.Release|Any CPU.Build.0 = Release|Any CPU
		{EFE13146-3775-1463-F3B3-23ED0AB4AC9F}.Debug|Any CPU.ActiveCfg = Debug|Any CPU
		{EFE13146-3775-1463-F3B3-23ED0AB4AC9F}.Debug|Any CPU.Build.0 = Debug|Any CPU
		{EFE13146-3775-1463-F3B3-23ED0AB4AC9F}.Release|Any CPU.ActiveCfg = Release|Any CPU
		{EFE13146-3775-1463-F3B3-23ED0AB4AC9F}.Release|Any CPU.Build.0 = Release|Any CPU
		{B4D4FB25-2024-A527-5D44-E2C5A20EC6B4}.Debug|Any CPU.ActiveCfg = Debug|Any CPU
		{B4D4FB25-2024-A527-5D44-E2C5A20EC6B4}.Debug|Any CPU.Build.0 = Debug|Any CPU
		{B4D4FB25-2024-A527-5D44-E2C5A20EC6B4}.Release|Any CPU.ActiveCfg = Release|Any CPU
		{B4D4FB25-2024-A527-5D44-E2C5A20EC6B4}.Release|Any CPU.Build.0 = Release|Any CPU
		{625B76D2-A46E-0294-BB4C-7E37B5308130}.Debug|Any CPU.ActiveCfg = Debug|Any CPU
		{625B76D2-A46E-0294-BB4C-7E37B5308130}.Debug|Any CPU.Build.0 = Debug|Any CPU
		{625B76D2-A46E-0294-BB4C-7E37B5308130}.Release|Any CPU.ActiveCfg = Release|Any CPU
		{625B76D2-A46E-0294-BB4C-7E37B5308130}.Release|Any CPU.Build.0 = Release|Any CPU
		{3905DE4C-3F0A-063A-E807-4AF03128EE0D}.Debug|Any CPU.ActiveCfg = Debug|Any CPU
		{3905DE4C-3F0A-063A-E807-4AF03128EE0D}.Debug|Any CPU.Build.0 = Debug|Any CPU
		{3905DE4C-3F0A-063A-E807-4AF03128EE0D}.Release|Any CPU.ActiveCfg = Release|Any CPU
		{3905DE4C-3F0A-063A-E807-4AF03128EE0D}.Release|Any CPU.Build.0 = Release|Any CPU
		{967AC3F6-FDA4-E0AF-CF3E-3EFFE2323D02}.Debug|Any CPU.ActiveCfg = Debug|Any CPU
		{967AC3F6-FDA4-E0AF-CF3E-3EFFE2323D02}.Debug|Any CPU.Build.0 = Debug|Any CPU
		{967AC3F6-FDA4-E0AF-CF3E-3EFFE2323D02}.Release|Any CPU.ActiveCfg = Release|Any CPU
		{967AC3F6-FDA4-E0AF-CF3E-3EFFE2323D02}.Release|Any CPU.Build.0 = Release|Any CPU
		{A234DC34-AA57-6418-A0EC-7CBD1372352B}.Debug|Any CPU.ActiveCfg = Debug|Any CPU
		{A234DC34-AA57-6418-A0EC-7CBD1372352B}.Debug|Any CPU.Build.0 = Debug|Any CPU
		{A234DC34-AA57-6418-A0EC-7CBD1372352B}.Release|Any CPU.ActiveCfg = Release|Any CPU
		{A234DC34-AA57-6418-A0EC-7CBD1372352B}.Release|Any CPU.Build.0 = Release|Any CPU
		{90ECEFD4-4D9C-BCD8-AAD0-2007A618C487}.Debug|Any CPU.ActiveCfg = Debug|Any CPU
		{90ECEFD4-4D9C-BCD8-AAD0-2007A618C487}.Debug|Any CPU.Build.0 = Debug|Any CPU
		{90ECEFD4-4D9C-BCD8-AAD0-2007A618C487}.Release|Any CPU.ActiveCfg = Release|Any CPU
		{90ECEFD4-4D9C-BCD8-AAD0-2007A618C487}.Release|Any CPU.Build.0 = Release|Any CPU
		{36A2CCA9-BB5D-BA63-D480-642C4E355397}.Debug|Any CPU.ActiveCfg = Debug|Any CPU
		{36A2CCA9-BB5D-BA63-D480-642C4E355397}.Debug|Any CPU.Build.0 = Debug|Any CPU
		{36A2CCA9-BB5D-BA63-D480-642C4E355397}.Release|Any CPU.ActiveCfg = Release|Any CPU
		{36A2CCA9-BB5D-BA63-D480-642C4E355397}.Release|Any CPU.Build.0 = Release|Any CPU
		{37755C6E-3FCA-A0F1-871D-2E38E2A81511}.Debug|Any CPU.ActiveCfg = Debug|Any CPU
		{37755C6E-3FCA-A0F1-871D-2E38E2A81511}.Debug|Any CPU.Build.0 = Debug|Any CPU
		{37755C6E-3FCA-A0F1-871D-2E38E2A81511}.Release|Any CPU.ActiveCfg = Release|Any CPU
		{37755C6E-3FCA-A0F1-871D-2E38E2A81511}.Release|Any CPU.Build.0 = Release|Any CPU
		{FEDF068B-1DFB-0AB1-F51C-C55B31A87468}.Debug|Any CPU.ActiveCfg = Debug|Any CPU
		{FEDF068B-1DFB-0AB1-F51C-C55B31A87468}.Debug|Any CPU.Build.0 = Debug|Any CPU
		{FEDF068B-1DFB-0AB1-F51C-C55B31A87468}.Release|Any CPU.ActiveCfg = Release|Any CPU
		{FEDF068B-1DFB-0AB1-F51C-C55B31A87468}.Release|Any CPU.Build.0 = Release|Any CPU
		{D08902E0-B63E-ECE8-058E-D33B3FA24E39}.Debug|Any CPU.ActiveCfg = Debug|Any CPU
		{D08902E0-B63E-ECE8-058E-D33B3FA24E39}.Debug|Any CPU.Build.0 = Debug|Any CPU
		{D08902E0-B63E-ECE8-058E-D33B3FA24E39}.Release|Any CPU.ActiveCfg = Release|Any CPU
		{D08902E0-B63E-ECE8-058E-D33B3FA24E39}.Release|Any CPU.Build.0 = Release|Any CPU
		{E5FBD16A-4C87-235E-4F7D-FB34B08468A4}.Debug|Any CPU.ActiveCfg = Debug|Any CPU
		{E5FBD16A-4C87-235E-4F7D-FB34B08468A4}.Debug|Any CPU.Build.0 = Debug|Any CPU
		{E5FBD16A-4C87-235E-4F7D-FB34B08468A4}.Release|Any CPU.ActiveCfg = Release|Any CPU
		{E5FBD16A-4C87-235E-4F7D-FB34B08468A4}.Release|Any CPU.Build.0 = Release|Any CPU
		{ED71796D-792F-175C-BEA1-B2E82D2D00F2}.Debug|Any CPU.ActiveCfg = Debug|Any CPU
		{ED71796D-792F-175C-BEA1-B2E82D2D00F2}.Debug|Any CPU.Build.0 = Debug|Any CPU
		{ED71796D-792F-175C-BEA1-B2E82D2D00F2}.Release|Any CPU.ActiveCfg = Release|Any CPU
		{ED71796D-792F-175C-BEA1-B2E82D2D00F2}.Release|Any CPU.Build.0 = Release|Any CPU
		{A9738A1E-6AE0-1E22-92FB-4297C4518EAF}.Debug|Any CPU.ActiveCfg = Debug|Any CPU
		{A9738A1E-6AE0-1E22-92FB-4297C4518EAF}.Debug|Any CPU.Build.0 = Debug|Any CPU
		{A9738A1E-6AE0-1E22-92FB-4297C4518EAF}.Release|Any CPU.ActiveCfg = Release|Any CPU
		{A9738A1E-6AE0-1E22-92FB-4297C4518EAF}.Release|Any CPU.Build.0 = Release|Any CPU
	EndGlobalSection
	GlobalSection(SolutionProperties) = preSolution
		HideSolutionNode = FALSE
	EndGlobalSection
	GlobalSection(NestedProjects) = preSolution
		{DB2AF94E-F828-E9C4-8638-2FFEC1951CEA} = {9BC7BA59-9FD5-AF19-9A44-AFE2B3128B25}
		{62823B1F-CEE1-7CBE-6F99-FF48482004F0} = {DB2AF94E-F828-E9C4-8638-2FFEC1951CEA}
		{1B8C416A-2CA4-CC4F-E11F-8B9360A138E0} = {9BC7BA59-9FD5-AF19-9A44-AFE2B3128B25}
		{9D6BC79B-C606-7D84-DF37-93B92E1BDFAF} = {1B8C416A-2CA4-CC4F-E11F-8B9360A138E0}
		{85AFEF88-42B9-4FB3-C419-1ED770A36B8E} = {9BC7BA59-9FD5-AF19-9A44-AFE2B3128B25}
		{EFE13146-3775-1463-F3B3-23ED0AB4AC9F} = {85AFEF88-42B9-4FB3-C419-1ED770A36B8E}
		{52BE58B7-89F7-ED2A-FEB2-4634575A305F} = {9BC7BA59-9FD5-AF19-9A44-AFE2B3128B25}
		{B4D4FB25-2024-A527-5D44-E2C5A20EC6B4} = {52BE58B7-89F7-ED2A-FEB2-4634575A305F}
		{51DEBB1F-0641-0D40-6EDC-5F05CA58043A} = {9BC7BA59-9FD5-AF19-9A44-AFE2B3128B25}
		{625B76D2-A46E-0294-BB4C-7E37B5308130} = {51DEBB1F-0641-0D40-6EDC-5F05CA58043A}
		{5F4B6863-A7FC-F30A-6A9E-4214C6CE63FF} = {9BC7BA59-9FD5-AF19-9A44-AFE2B3128B25}
		{3905DE4C-3F0A-063A-E807-4AF03128EE0D} = {5F4B6863-A7FC-F30A-6A9E-4214C6CE63FF}
		{FDC171AC-30D2-2A57-006C-1B98EF8E4C41} = {9BC7BA59-9FD5-AF19-9A44-AFE2B3128B25}
		{967AC3F6-FDA4-E0AF-CF3E-3EFFE2323D02} = {FDC171AC-30D2-2A57-006C-1B98EF8E4C41}
		{3E8FD2C2-38B4-A610-AD16-D36D7032FD27} = {9BC7BA59-9FD5-AF19-9A44-AFE2B3128B25}
		{A234DC34-AA57-6418-A0EC-7CBD1372352B} = {3E8FD2C2-38B4-A610-AD16-D36D7032FD27}
		{E791FC6C-34A2-D96D-CB23-0FC5B6240A55} = {9BC7BA59-9FD5-AF19-9A44-AFE2B3128B25}
		{90ECEFD4-4D9C-BCD8-AAD0-2007A618C487} = {E791FC6C-34A2-D96D-CB23-0FC5B6240A55}
		{51F659C4-0860-C040-0344-2B5A80F2A90F} = {9BC7BA59-9FD5-AF19-9A44-AFE2B3128B25}
		{36A2CCA9-BB5D-BA63-D480-642C4E355397} = {51F659C4-0860-C040-0344-2B5A80F2A90F}
		{B6438044-7865-3CB8-5C00-F2BB295D70DC} = {9BC7BA59-9FD5-AF19-9A44-AFE2B3128B25}
		{37755C6E-3FCA-A0F1-871D-2E38E2A81511} = {B6438044-7865-3CB8-5C00-F2BB295D70DC}
		{B8A44DA6-5E85-A975-1467-BCCF4FF41A68} = {9BC7BA59-9FD5-AF19-9A44-AFE2B3128B25}
		{FEDF068B-1DFB-0AB1-F51C-C55B31A87468} = {B8A44DA6-5E85-A975-1467-BCCF4FF41A68}
		{A7CDF8D8-1446-C1BE-0B74-5F20C2EFE4D9} = {9BC7BA59-9FD5-AF19-9A44-AFE2B3128B25}
		{D08902E0-B63E-ECE8-058E-D33B3FA24E39} = {A7CDF8D8-1446-C1BE-0B74-5F20C2EFE4D9}
		{C73F8908-ACCA-9E60-BFA1-3F05A2F9ED21} = {9BC7BA59-9FD5-AF19-9A44-AFE2B3128B25}
		{E5FBD16A-4C87-235E-4F7D-FB34B08468A4} = {C73F8908-ACCA-9E60-BFA1-3F05A2F9ED21}
		{921009EE-B38A-641B-7A64-8B45C6F5288C} = {9BC7BA59-9FD5-AF19-9A44-AFE2B3128B25}
		{ED71796D-792F-175C-BEA1-B2E82D2D00F2} = {921009EE-B38A-641B-7A64-8B45C6F5288C}
		{2F38FDC0-3ABA-7BDD-7B19-E04FC6B3A49F} = {9BC7BA59-9FD5-AF19-9A44-AFE2B3128B25}
		{A9738A1E-6AE0-1E22-92FB-4297C4518EAF} = {2F38FDC0-3ABA-7BDD-7B19-E04FC6B3A49F}
	EndGlobalSection
	GlobalSection(ExtensibilityGlobals) = postSolution
		SolutionGuid = {876CCDC4-1102-48E2-A72C-D5C3945DD6E2}
	EndGlobalSection
EndGlobal
